// !$*UTF8*$!
{
	archiveVersion = 1;
	classes = {
	};
	objectVersion = 77;
	objects = {

/* Begin PBXBuildFile section */
		27763FF3D2E1E4B486DA25D0 /* CameraViewController.swift in Sources */ = {isa = PBXBuildFile; fileRef = 243C131E41D669B43EAC74F4 /* CameraViewController.swift */; };
		40949842E6B11220B2532C61 /* LoginViewController.swift in Sources */ = {isa = PBXBuildFile; fileRef = 9938AF0096DC43D946A008E3 /* LoginViewController.swift */; };
		4F5C18C1ED7BD73FB5AA3616 /* WebViewController.swift in Sources */ = {isa = PBXBuildFile; fileRef = E661939DB1106F070DAD7B32 /* WebViewController.swift */; };
		734224AF6968D85C7167B108 /* AppDelegate.swift in Sources */ = {isa = PBXBuildFile; fileRef = 1E1D0AB66F242C5F00BC90BD /* AppDelegate.swift */; };
		78C1348C1F823A018415F55A /* LaunchScreen.storyboard in Resources */ = {isa = PBXBuildFile; fileRef = DCE7BBB5C44210EAEA2AB498 /* LaunchScreen.storyboard */; };
		7CF7A5AC5189004B700EA9E6 /* Main.storyboard in Resources */ = {isa = PBXBuildFile; fileRef = 601680A6BC52D73E6B8412AD /* Main.storyboard */; };
		8E3821CBB7ACF51A3B403636 /* WebKit.framework in Frameworks */ = {isa = PBXBuildFile; fileRef = 4EB280526ECAF3CECFF3D8C8 /* WebKit.framework */; };
		CAA5DE18D5F3E88BDC6231FA /* SceneDelegate.swift in Sources */ = {isa = PBXBuildFile; fileRef = 82B30F44ECA688B4A3806698 /* SceneDelegate.swift */; };
		CD5384E217173B630E558C1E /* Assets.xcassets in Resources */ = {isa = PBXBuildFile; fileRef = B857E007562D2E8E7900C66E /* Assets.xcassets */; };
		D63B71C5CDBC87744023C6C4 /* LocalAuthentication.framework in Frameworks */ = {isa = PBXBuildFile; fileRef = 81FFC9D17DCC95F867765F0B /* LocalAuthentication.framework */; };
		DC378659E6DA09CB75CB02E9 /* HomeViewController.swift in Sources */ = {isa = PBXBuildFile; fileRef = 73339F514C0B37169E3BE4F5 /* HomeViewController.swift */; };
		E0011FEBF7F152F54828AB48 /* AVFoundation.framework in Frameworks */ = {isa = PBXBuildFile; fileRef = C1CC9CE3CB66D12732CC36AD /* AVFoundation.framework */; };
/* End PBXBuildFile section */

/* Begin PBXFileReference section */
		1C31275863A301EA9FC5E26A /* RUMSampleApp.app */ = {isa = PBXFileReference; includeInIndex = 0; lastKnownFileType = wrapper.application; path = RUMSampleApp.app; sourceTree = BUILT_PRODUCTS_DIR; };
		1E1D0AB66F242C5F00BC90BD /* AppDelegate.swift */ = {isa = PBXFileReference; lastKnownFileType = sourcecode.swift; path = AppDelegate.swift; sourceTree = "<group>"; };
		243C131E41D669B43EAC74F4 /* CameraViewController.swift */ = {isa = PBXFileReference; lastKnownFileType = sourcecode.swift; path = CameraViewController.swift; sourceTree = "<group>"; };
		32B379B32AA5A032A4E269BB /* Info.plist */ = {isa = PBXFileReference; lastKnownFileType = text.plist; path = Info.plist; sourceTree = "<group>"; };
		4EB280526ECAF3CECFF3D8C8 /* WebKit.framework */ = {isa = PBXFileReference; lastKnownFileType = wrapper.framework; name = WebKit.framework; path = System/Library/Frameworks/WebKit.framework; sourceTree = SDKROOT; };
		601680A6BC52D73E6B8412AD /* Main.storyboard */ = {isa = PBXFileReference; lastKnownFileType = file.storyboard; path = Main.storyboard; sourceTree = "<group>"; };
		73339F514C0B37169E3BE4F5 /* HomeViewController.swift */ = {isa = PBXFileReference; lastKnownFileType = sourcecode.swift; path = HomeViewController.swift; sourceTree = "<group>"; };
		81FFC9D17DCC95F867765F0B /* LocalAuthentication.framework */ = {isa = PBXFileReference; lastKnownFileType = wrapper.framework; name = LocalAuthentication.framework; path = System/Library/Frameworks/LocalAuthentication.framework; sourceTree = SDKROOT; };
		82B30F44ECA688B4A3806698 /* SceneDelegate.swift */ = {isa = PBXFileReference; lastKnownFileType = sourcecode.swift; path = SceneDelegate.swift; sourceTree = "<group>"; };
		9938AF0096DC43D946A008E3 /* LoginViewController.swift */ = {isa = PBXFileReference; lastKnownFileType = sourcecode.swift; path = LoginViewController.swift; sourceTree = "<group>"; };
		B857E007562D2E8E7900C66E /* Assets.xcassets */ = {isa = PBXFileReference; lastKnownFileType = folder.assetcatalog; path = Assets.xcassets; sourceTree = "<group>"; };
		C1CC9CE3CB66D12732CC36AD /* AVFoundation.framework */ = {isa = PBXFileReference; lastKnownFileType = wrapper.framework; name = AVFoundation.framework; path = System/Library/Frameworks/AVFoundation.framework; sourceTree = SDKROOT; };
		DCE7BBB5C44210EAEA2AB498 /* LaunchScreen.storyboard */ = {isa = PBXFileReference; lastKnownFileType = file.storyboard; path = LaunchScreen.storyboard; sourceTree = "<group>"; };
		E661939DB1106F070DAD7B32 /* WebViewController.swift */ = {isa = PBXFileReference; lastKnownFileType = sourcecode.swift; path = WebViewController.swift; sourceTree = "<group>"; };
/* End PBXFileReference section */

/* Begin PBXFrameworksBuildPhase section */
		2665E2B62B5D436AF527F025 /* Frameworks */ = {
			isa = PBXFrameworksBuildPhase;
			buildActionMask = 2147483647;
			files = (
				8E3821CBB7ACF51A3B403636 /* WebKit.framework in Frameworks */,
				D63B71C5CDBC87744023C6C4 /* LocalAuthentication.framework in Frameworks */,
				E0011FEBF7F152F54828AB48 /* AVFoundation.framework in Frameworks */,
			);
			runOnlyForDeploymentPostprocessing = 0;
		};
/* End PBXFrameworksBuildPhase section */

/* Begin PBXGroup section */
		17BE64D3F0C6A4F8A9C59B97 /* Frameworks */ = {
			isa = PBXGroup;
			children = (
				C1CC9CE3CB66D12732CC36AD /* AVFoundation.framework */,
				81FFC9D17DCC95F867765F0B /* LocalAuthentication.framework */,
				4EB280526ECAF3CECFF3D8C8 /* WebKit.framework */,
			);
			name = Frameworks;
			sourceTree = "<group>";
		};
		441F7378E9F7523FB6D1A576 /* Products */ = {
			isa = PBXGroup;
			children = (
				1C31275863A301EA9FC5E26A /* RUMSampleApp.app */,
			);
			name = Products;
			sourceTree = "<group>";
		};
		A40F99233C0A2D9616EB0A71 /* Sources */ = {
			isa = PBXGroup;
			children = (
				1E1D0AB66F242C5F00BC90BD /* AppDelegate.swift */,
				32B379B32AA5A032A4E269BB /* Info.plist */,
				82B30F44ECA688B4A3806698 /* SceneDelegate.swift */,
				EA3A79058FB58D2ADED0256D /* Resources */,
				AF01C146DFBA89791D9C5607 /* ViewControllers */,
			);
			path = Sources;
			sourceTree = "<group>";
		};
		A6B9ABF9140C645BBECB6146 = {
			isa = PBXGroup;
			children = (
				A40F99233C0A2D9616EB0A71 /* Sources */,
				17BE64D3F0C6A4F8A9C59B97 /* Frameworks */,
				441F7378E9F7523FB6D1A576 /* Products */,
			);
			sourceTree = "<group>";
		};
		AF01C146DFBA89791D9C5607 /* ViewControllers */ = {
			isa = PBXGroup;
			children = (
				243C131E41D669B43EAC74F4 /* CameraViewController.swift */,
				73339F514C0B37169E3BE4F5 /* HomeViewController.swift */,
				9938AF0096DC43D946A008E3 /* LoginViewController.swift */,
				E661939DB1106F070DAD7B32 /* WebViewController.swift */,
			);
			path = ViewControllers;
			sourceTree = "<group>";
		};
		EA3A79058FB58D2ADED0256D /* Resources */ = {
			isa = PBXGroup;
			children = (
				B857E007562D2E8E7900C66E /* Assets.xcassets */,
				DCE7BBB5C44210EAEA2AB498 /* LaunchScreen.storyboard */,
				601680A6BC52D73E6B8412AD /* Main.storyboard */,
			);
			path = Resources;
			sourceTree = "<group>";
		};
/* End PBXGroup section */

/* Begin PBXNativeTarget section */
		B6F70ED551F1EB9E68279EEC /* RUMSampleApp */ = {
			isa = PBXNativeTarget;
			buildConfigurationList = 7416947C149170FA8B6DE6E6 /* Build configuration list for PBXNativeTarget "RUMSampleApp" */;
			buildPhases = (
				8023433D524A069885C449A2 /* Sources */,
				F841A576EAC0EDE3B09A5C7F /* Resources */,
				2665E2B62B5D436AF527F025 /* Frameworks */,
			);
			buildRules = (
			);
			dependencies = (
			);
			name = RUMSampleApp;
			packageProductDependencies = (
			);
			productName = RUMSampleApp;
			productReference = 1C31275863A301EA9FC5E26A /* RUMSampleApp.app */;
			productType = "com.apple.product-type.application";
		};
/* End PBXNativeTarget section */

/* Begin PBXProject section */
		9EDD39C5FC65D25BD7A4413E /* Project object */ = {
			isa = PBXProject;
			attributes = {
				BuildIndependentTargetsInParallel = YES;
				LastUpgradeCheck = 1500;
				TargetAttributes = {
					B6F70ED551F1EB9E68279EEC = {
						ProvisioningStyle = Automatic;
					};
				};
			};
			buildConfigurationList = 01F5024263B1E86A992AFD5B /* Build configuration list for PBXProject "RUMSampleApp" */;
			compatibilityVersion = "Xcode 14.0";
			developmentRegion = en;
			hasScannedForEncodings = 0;
			knownRegions = (
				Base,
				en,
			);
			mainGroup = A6B9ABF9140C645BBECB6146;
			minimizedProjectReferenceProxies = 1;
			preferredProjectObjectVersion = 77;
			projectDirPath = "";
			projectRoot = "";
			targets = (
				B6F70ED551F1EB9E68279EEC /* RUMSampleApp */,
			);
		};
/* End PBXProject section */

/* Begin PBXResourcesBuildPhase section */
		F841A576EAC0EDE3B09A5C7F /* Resources */ = {
			isa = PBXResourcesBuildPhase;
			buildActionMask = 2147483647;
			files = (
				CD5384E217173B630E558C1E /* Assets.xcassets in Resources */,
				78C1348C1F823A018415F55A /* LaunchScreen.storyboard in Resources */,
				7CF7A5AC5189004B700EA9E6 /* Main.storyboard in Resources */,
			);
			runOnlyForDeploymentPostprocessing = 0;
		};
/* End PBXResourcesBuildPhase section */

/* Begin PBXSourcesBuildPhase section */
		8023433D524A069885C449A2 /* Sources */ = {
			isa = PBXSourcesBuildPhase;
			buildActionMask = 2147483647;
			files = (
				734224AF6968D85C7167B108 /* AppDelegate.swift in Sources */,
				27763FF3D2E1E4B486DA25D0 /* CameraViewController.swift in Sources */,
				DC378659E6DA09CB75CB02E9 /* HomeViewController.swift in Sources */,
				40949842E6B11220B2532C61 /* LoginViewController.swift in Sources */,
				CAA5DE18D5F3E88BDC6231FA /* SceneDelegate.swift in Sources */,
				4F5C18C1ED7BD73FB5AA3616 /* WebViewController.swift in Sources */,
			);
			runOnlyForDeploymentPostprocessing = 0;
		};
/* End PBXSourcesBuildPhase section */

/* Begin XCBuildConfiguration section */
		2084767E66469ED9F04B5739 /* Release */ = {
			isa = XCBuildConfiguration;
			buildSettings = {
				ALWAYS_SEARCH_USER_PATHS = NO;
				CLANG_ANALYZER_NONNULL = YES;
				CLANG_ANALYZER_NUMBER_OBJECT_CONVERSION = YES_AGGRESSIVE;
				CLANG_CXX_LANGUAGE_STANDARD = "gnu++14";
				CLANG_CXX_LIBRARY = "libc++";
				CLANG_ENABLE_MODULES = YES;
				CLANG_ENABLE_OBJC_ARC = YES;
				CLANG_ENABLE_OBJC_WEAK = YES;
				CLANG_WARN_BLOCK_CAPTURE_AUTORELEASING = YES;
				CLANG_WARN_BOOL_CONVERSION = YES;
				CLANG_WARN_COMMA = YES;
				CLANG_WARN_CONSTANT_CONVERSION = YES;
				CLANG_WARN_DEPRECATED_OBJC_IMPLEMENTATIONS = YES;
				CLANG_WARN_DIRECT_OBJC_ISA_USAGE = YES_ERROR;
				CLANG_WARN_DOCUMENTATION_COMMENTS = YES;
				CLANG_WARN_EMPTY_BODY = YES;
				CLANG_WARN_ENUM_CONVERSION = YES;
				CLANG_WARN_INFINITE_RECURSION = YES;
				CLANG_WARN_INT_CONVERSION = YES;
				CLANG_WARN_NON_LITERAL_NULL_CONVERSION = YES;
				CLANG_WARN_OBJC_IMPLICIT_RETAIN_SELF = YES;
				CLANG_WARN_OBJC_LITERAL_CONVERSION = YES;
				CLANG_WARN_OBJC_ROOT_CLASS = YES_ERROR;
				CLANG_WARN_QUOTED_INCLUDE_IN_FRAMEWORK_HEADER = YES;
				CLANG_WARN_RANGE_LOOP_ANALYSIS = YES;
				CLANG_WARN_STRICT_PROTOTYPES = YES;
				CLANG_WARN_SUSPICIOUS_MOVE = YES;
				CLANG_WARN_UNGUARDED_AVAILABILITY = YES_AGGRESSIVE;
				CLANG_WARN_UNREACHABLE_CODE = YES;
				CLANG_WARN__DUPLICATE_METHOD_MATCH = YES;
				COPY_PHASE_STRIP = NO;
				DEBUG_INFORMATION_FORMAT = "dwarf-with-dsym";
				ENABLE_NS_ASSERTIONS = NO;
				ENABLE_STRICT_OBJC_MSGSEND = YES;
				GCC_C_LANGUAGE_STANDARD = gnu11;
				GCC_NO_COMMON_BLOCKS = YES;
				GCC_WARN_64_TO_32_BIT_CONVERSION = YES;
				GCC_WARN_ABOUT_RETURN_TYPE = YES_ERROR;
				GCC_WARN_UNDECLARED_SELECTOR = YES;
				GCC_WARN_UNINITIALIZED_AUTOS = YES_AGGRESSIVE;
				GCC_WARN_UNUSED_FUNCTION = YES;
				GCC_WARN_UNUSED_VARIABLE = YES;
				INFOPLIST_FILE = Sources/Info.plist;
				IPHONEOS_DEPLOYMENT_TARGET = 15.0;
				MTL_ENABLE_DEBUG_INFO = NO;
				MTL_FAST_MATH = YES;
				PRODUCT_NAME = "$(TARGET_NAME)";
				SDKROOT = iphoneos;
				SWIFT_COMPILATION_MODE = wholemodule;
				SWIFT_OPTIMIZATION_LEVEL = "-O";
				SWIFT_VERSION = 5.9;
				TARGETED_DEVICE_FAMILY = "1,2";
			};
			name = Release;
		};
		20A45EC980B5D16E9A955C6C /* Debug */ = {
			isa = XCBuildConfiguration;
			buildSettings = {
				ASSETCATALOG_COMPILER_APPICON_NAME = AppIcon;
				CODE_SIGN_IDENTITY = "iPhone Developer";
				CODE_SIGN_STYLE = Automatic;
				CURRENT_PROJECT_VERSION = 1;
				INFOPLIST_FILE = Sources/Info.plist;
				LD_RUNPATH_SEARCH_PATHS = (
					"$(inherited)",
					"@executable_path/Frameworks",
				);
				MARKETING_VERSION = 1.0.0;
				PRODUCT_BUNDLE_IDENTIFIER = com.example.RUMSampleApp;
				SDKROOT = iphoneos;
				TARGETED_DEVICE_FAMILY = "1,2";
			};
			name = Debug;
		};
		E47C47CA9AB75687FC4A3073 /* Release */ = {
			isa = XCBuildConfiguration;
			buildSettings = {
				ASSETCATALOG_COMPILER_APPICON_NAME = AppIcon;
				CODE_SIGN_IDENTITY = "iPhone Developer";
				CODE_SIGN_STYLE = Automatic;
				CURRENT_PROJECT_VERSION = 1;
				INFOPLIST_FILE = Sources/Info.plist;
				LD_RUNPATH_SEARCH_PATHS = (
					"$(inherited)",
					"@executable_path/Frameworks",
				);
				MARKETING_VERSION = 1.0.0;
				PRODUCT_BUNDLE_IDENTIFIER = com.example.RUMSampleApp;
				SDKROOT = iphoneos;
				TARGETED_DEVICE_FAMILY = "1,2";
			};
			name = Release;
		};
		EEE896AFEDACCE0AB93F5E27 /* Debug */ = {
			isa = XCBuildConfiguration;
			buildSettings = {
				ALWAYS_SEARCH_USER_PATHS = NO;
				CLANG_ANALYZER_NONNULL = YES;
				CLANG_ANALYZER_NUMBER_OBJECT_CONVERSION = YES_AGGRESSIVE;
				CLANG_CXX_LANGUAGE_STANDARD = "gnu++14";
				CLANG_CXX_LIBRARY = "libc++";
				CLANG_ENABLE_MODULES = YES;
				CLANG_ENABLE_OBJC_ARC = YES;
				CLANG_ENABLE_OBJC_WEAK = YES;
				CLANG_WARN_BLOCK_CAPTURE_AUTORELEASING = YES;
				CLANG_WARN_BOOL_CONVERSION = YES;
				CLANG_WARN_COMMA = YES;
				CLANG_WARN_CONSTANT_CONVERSION = YES;
				CLANG_WARN_DEPRECATED_OBJC_IMPLEMENTATIONS = YES;
				CLANG_WARN_DIRECT_OBJC_ISA_USAGE = YES_ERROR;
				CLANG_WARN_DOCUMENTATION_COMMENTS = YES;
				CLANG_WARN_EMPTY_BODY = YES;
				CLANG_WARN_ENUM_CONVERSION = YES;
				CLANG_WARN_INFINITE_RECURSION = YES;
				CLANG_WARN_INT_CONVERSION = YES;
				CLANG_WARN_NON_LITERAL_NULL_CONVERSION = YES;
				CLANG_WARN_OBJC_IMPLICIT_RETAIN_SELF = YES;
				CLANG_WARN_OBJC_LITERAL_CONVERSION = YES;
				CLANG_WARN_OBJC_ROOT_CLASS = YES_ERROR;
				CLANG_WARN_QUOTED_INCLUDE_IN_FRAMEWORK_HEADER = YES;
				CLANG_WARN_RANGE_LOOP_ANALYSIS = YES;
				CLANG_WARN_STRICT_PROTOTYPES = YES;
				CLANG_WARN_SUSPICIOUS_MOVE = YES;
				CLANG_WARN_UNGUARDED_AVAILABILITY = YES_AGGRESSIVE;
				CLANG_WARN_UNREACHABLE_CODE = YES;
				CLANG_WARN__DUPLICATE_METHOD_MATCH = YES;
				COPY_PHASE_STRIP = NO;
				DEBUG_INFORMATION_FORMAT = dwarf;
				ENABLE_STRICT_OBJC_MSGSEND = YES;
				ENABLE_TESTABILITY = YES;
				GCC_C_LANGUAGE_STANDARD = gnu11;
				GCC_DYNAMIC_NO_PIC = NO;
				GCC_NO_COMMON_BLOCKS = YES;
				GCC_OPTIMIZATION_LEVEL = 0;
				GCC_PREPROCESSOR_DEFINITIONS = (
					"$(inherited)",
					"DEBUG=1",
				);
				GCC_WARN_64_TO_32_BIT_CONVERSION = YES;
				GCC_WARN_ABOUT_RETURN_TYPE = YES_ERROR;
				GCC_WARN_UNDECLARED_SELECTOR = YES;
				GCC_WARN_UNINITIALIZED_AUTOS = YES_AGGRESSIVE;
				GCC_WARN_UNUSED_FUNCTION = YES;
				GCC_WARN_UNUSED_VARIABLE = YES;
				INFOPLIST_FILE = Sources/Info.plist;
				IPHONEOS_DEPLOYMENT_TARGET = 15.0;
				MTL_ENABLE_DEBUG_INFO = INCLUDE_SOURCE;
				MTL_FAST_MATH = YES;
				ONLY_ACTIVE_ARCH = YES;
				PRODUCT_NAME = "$(TARGET_NAME)";
				SDKROOT = iphoneos;
				SWIFT_ACTIVE_COMPILATION_CONDITIONS = DEBUG;
				SWIFT_OPTIMIZATION_LEVEL = "-Onone";
				SWIFT_VERSION = 5.9;
				TARGETED_DEVICE_FAMILY = "1,2";
			};
			name = Debug;
		};
/* End XCBuildConfiguration section */

/* Begin XCConfigurationList section */
		01F5024263B1E86A992AFD5B /* Build configuration list for PBXProject "RUMSampleApp" */ = {
			isa = XCConfigurationList;
			buildConfigurations = (
				EEE896AFEDACCE0AB93F5E27 /* Debug */,
				2084767E66469ED9F04B5739 /* Release */,
			);
			defaultConfigurationIsVisible = 0;
			defaultConfigurationName = Debug;
		};
		7416947C149170FA8B6DE6E6 /* Build configuration list for PBXNativeTarget "RUMSampleApp" */ = {
			isa = XCConfigurationList;
			buildConfigurations = (
				20A45EC980B5D16E9A955C6C /* Debug */,
				E47C47CA9AB75687FC4A3073 /* Release */,
			);
			defaultConfigurationIsVisible = 0;
			defaultConfigurationName = Debug;
		};
/* End XCConfigurationList section */
	};
	rootObject = 9EDD39C5FC65D25BD7A4413E /* Project object */;
}
